
Microsoft Visual Studio Solution File, Format Version 12.00
# Visual Studio Version 17
VisualStudioVersion = 17.2.32602.215
MinimumVisualStudioVersion = 10.0.40219.1
Project("{FAE04EC0-301F-11D3-BF4B-00C04F79EFBC}") = "BookStoreApp.API", "BookStoreApp.API\BookStoreApp.API.csproj", "{496455DB-EC9E-4D0A-8601-C7284C6CA291}"
EndProject
Global
	GlobalSection(SolutionConfigurationPlatforms) = preSolution
		Debug|Any CPU = Debug|Any CPU
		Release|Any CPU = Release|Any CPU
	EndGlobalSection
	GlobalSection(ProjectConfigurationPlatforms) = postSolution
		{496455DB-EC9E-4D0A-8601-C7284C6CA291}.Debug|Any CPU.ActiveCfg = Debug|Any CPU
		{496455DB-EC9E-4D0A-8601-C7284C6CA291}.Debug|Any CPU.Build.0 = Debug|Any CPU
		{496455DB-EC9E-4D0A-8601-C7284C6CA291}.Release|Any CPU.ActiveCfg = Release|Any CPU
		{496455DB-EC9E-4D0A-8601-C7284C6CA291}.Release|Any CPU.Build.0 = Release|Any CPU
	EndGlobalSection
	GlobalSection(SolutionProperties) = preSolution
		HideSolutionNode = FALSE
	EndGlobalSection
	GlobalSection(ExtensibilityGlobals) = postSolution
		SolutionGuid = {7CDE836E-68C1-44C9-B71F-D305C2CFDEF2}
	EndGlobalSection
EndGlobal
